
Microsoft Visual Studio Solution File, Format Version 12.00
# Visual Studio 15
VisualStudioVersion = 15.0.28307.329
MinimumVisualStudioVersion = 10.0.40219.1
Project("{FAE04EC0-301F-11D3-BF4B-00C04F79EFBC}") = "Task3", "Task3\Task3.csproj", "{7D01484E-4231-4B1B-AB33-A5DD2F673299}"
EndProject
Global
	GlobalSection(SolutionConfigurationPlatforms) = preSolution
		Debug|Any CPU = Debug|Any CPU
		Release|Any CPU = Release|Any CPU
	EndGlobalSection
	GlobalSection(ProjectConfigurationPlatforms) = postSolution
		{7D01484E-4231-4B1B-AB33-A5DD2F673299}.Debug|Any CPU.ActiveCfg = Debug|Any CPU
		{7D01484E-4231-4B1B-AB33-A5DD2F673299}.Debug|Any CPU.Build.0 = Debug|Any CPU
		{7D01484E-4231-4B1B-AB33-A5DD2F673299}.Release|Any CPU.ActiveCfg = Release|Any CPU
		{7D01484E-4231-4B1B-AB33-A5DD2F673299}.Release|Any CPU.Build.0 = Release|Any CPU
	EndGlobalSection
	GlobalSection(SolutionProperties) = preSolution
		HideSolutionNode = FALSE
	EndGlobalSection
	GlobalSection(ExtensibilityGlobals) = postSolution
		SolutionGuid = {7359CD24-32B7-435B-BA09-4BA4980E7EF7}
	EndGlobalSection
EndGlobal
